
Microsoft Visual Studio Solution File, Format Version 12.00
# Visual Studio Version 17
VisualStudioVersion = 17.12.35521.163 d17.12
MinimumVisualStudioVersion = 10.0.40219.1
Project("{FAE04EC0-301F-11D3-BF4B-00C04F79EFBC}") = "XmlConfigFile", "XmlConfigFile\XmlConfigFile.csproj", "{4AC09BFB-AF62-4971-BD05-6137A21FCF91}"
EndProject
Project("{FAE04EC0-301F-11D3-BF4B-00C04F79EFBC}") = "XmlConfigManager", "XmlConfigManager\XmlConfigManager.csproj", "{5F8E3D10-E015-4CC6-9887-6373EBE69399}"
EndProject
Global
	GlobalSection(SolutionConfigurationPlatforms) = preSolution
		Debug|Any CPU = Debug|Any CPU
		Release|Any CPU = Release|Any CPU
	EndGlobalSection
	GlobalSection(ProjectConfigurationPlatforms) = postSolution
		{4AC09BFB-AF62-4971-BD05-6137A21FCF91}.Debug|Any CPU.ActiveCfg = Debug|Any CPU
		{4AC09BFB-AF62-4971-BD05-6137A21FCF91}.Debug|Any CPU.Build.0 = Debug|Any CPU
		{4AC09BFB-AF62-4971-BD05-6137A21FCF91}.Release|Any CPU.ActiveCfg = Release|Any CPU
		{4AC09BFB-AF62-4971-BD05-6137A21FCF91}.Release|Any CPU.Build.0 = Release|Any CPU
		{5F8E3D10-E015-4CC6-9887-6373EBE69399}.Debug|Any CPU.ActiveCfg = Debug|Any CPU
		{5F8E3D10-E015-4CC6-9887-6373EBE69399}.Debug|Any CPU.Build.0 = Debug|Any CPU
		{5F8E3D10-E015-4CC6-9887-6373EBE69399}.Release|Any CPU.ActiveCfg = Release|Any CPU
		{5F8E3D10-E015-4CC6-9887-6373EBE69399}.Release|Any CPU.Build.0 = Release|Any CPU
	EndGlobalSection
	GlobalSection(SolutionProperties) = preSolution
		HideSolutionNode = FALSE
	EndGlobalSection
EndGlobal
